
Microsoft Visual Studio Solution File, Format Version 12.00
# Visual Studio 2012
Project("{FAE04EC0-301F-11D3-BF4B-00C04F79EFBC}") = "multiplexingThrottler", "multiplexingThrottler\multiplexingThrottler.csproj", "{E2A243E9-6C04-4EDC-A299-F17118CA2C7F}"
EndProject
Project("{FAE04EC0-301F-11D3-BF4B-00C04F79EFBC}") = "Tester", "Tester\Tester.csproj", "{2361063E-AF35-49C4-8B0F-E471FF66990E}"
EndProject
Global
	GlobalSection(SolutionConfigurationPlatforms) = preSolution
		Debug|Any CPU = Debug|Any CPU
		Release|Any CPU = Release|Any CPU
	EndGlobalSection
	GlobalSection(ProjectConfigurationPlatforms) = postSolution
		{E2A243E9-6C04-4EDC-A299-F17118CA2C7F}.Debug|Any CPU.ActiveCfg = Debug|Any CPU
		{E2A243E9-6C04-4EDC-A299-F17118CA2C7F}.Debug|Any CPU.Build.0 = Debug|Any CPU
		{E2A243E9-6C04-4EDC-A299-F17118CA2C7F}.Release|Any CPU.ActiveCfg = Release|Any CPU
		{E2A243E9-6C04-4EDC-A299-F17118CA2C7F}.Release|Any CPU.Build.0 = Release|Any CPU
		{2361063E-AF35-49C4-8B0F-E471FF66990E}.Debug|Any CPU.ActiveCfg = Debug|Any CPU
		{2361063E-AF35-49C4-8B0F-E471FF66990E}.Debug|Any CPU.Build.0 = Debug|Any CPU
		{2361063E-AF35-49C4-8B0F-E471FF66990E}.Release|Any CPU.ActiveCfg = Release|Any CPU
		{2361063E-AF35-49C4-8B0F-E471FF66990E}.Release|Any CPU.Build.0 = Release|Any CPU
	EndGlobalSection
	GlobalSection(SolutionProperties) = preSolution
		HideSolutionNode = FALSE
	EndGlobalSection
EndGlobal
